
Microsoft Visual Studio Solution File, Format Version 12.00
# Visual Studio Version 17
VisualStudioVersion = 17.1.32414.318
MinimumVisualStudioVersion = 10.0.40219.1
Project("{8BC9CEB8-8B4A-11D0-8D11-00A0C91BC942}") = "command", "command\Command.vcxproj", "{0F56E0C2-087C-4914-876F-721A43449815}"
EndProject
Project("{8BC9CEB8-8B4A-11D0-8D11-00A0C91BC942}") = "flyweight", "flyweight\flyweight.vcxproj", "{EBFBCB2C-8DB2-4474-B613-11E2B8BD35E2}"
EndProject
Project("{8BC9CEB8-8B4A-11D0-8D11-00A0C91BC942}") = "observer", "observer\observer.vcxproj", "{83F4ED2D-352C-4283-AF2E-88D5D38BF6B8}"
EndProject
Project("{8BC9CEB8-8B4A-11D0-8D11-00A0C91BC942}") = "prototype", "prototype\prototype.vcxproj", "{21733206-E316-494C-9B56-2908A58BB573}"
EndProject
Project("{8BC9CEB8-8B4A-11D0-8D11-00A0C91BC942}") = "singleton", "singleton\singleton.vcxproj", "{1BEB28EF-3059-42F7-BD27-E2AD709E5C12}"
EndProject
Global
	GlobalSection(SolutionConfigurationPlatforms) = preSolution
		Debug|x64 = Debug|x64
		Debug|x86 = Debug|x86
		Release|x64 = Release|x64
		Release|x86 = Release|x86
	EndGlobalSection
	GlobalSection(ProjectConfigurationPlatforms) = postSolution
		{0F56E0C2-087C-4914-876F-721A43449815}.Debug|x64.ActiveCfg = Debug|x64
		{0F56E0C2-087C-4914-876F-721A43449815}.Debug|x64.Build.0 = Debug|x64
		{0F56E0C2-087C-4914-876F-721A43449815}.Debug|x86.ActiveCfg = Debug|Win32
		{0F56E0C2-087C-4914-876F-721A43449815}.Debug|x86.Build.0 = Debug|Win32
		{0F56E0C2-087C-4914-876F-721A43449815}.Release|x64.ActiveCfg = Release|x64
		{0F56E0C2-087C-4914-876F-721A43449815}.Release|x64.Build.0 = Release|x64
		{0F56E0C2-087C-4914-876F-721A43449815}.Release|x86.ActiveCfg = Release|Win32
		{0F56E0C2-087C-4914-876F-721A43449815}.Release|x86.Build.0 = Release|Win32
		{EBFBCB2C-8DB2-4474-B613-11E2B8BD35E2}.Debug|x64.ActiveCfg = Debug|x64
		{EBFBCB2C-8DB2-4474-B613-11E2B8BD35E2}.Debug|x64.Build.0 = Debug|x64
		{EBFBCB2C-8DB2-4474-B613-11E2B8BD35E2}.Debug|x86.ActiveCfg = Debug|Win32
		{EBFBCB2C-8DB2-4474-B613-11E2B8BD35E2}.Debug|x86.Build.0 = Debug|Win32
		{EBFBCB2C-8DB2-4474-B613-11E2B8BD35E2}.Release|x64.ActiveCfg = Release|x64
		{EBFBCB2C-8DB2-4474-B613-11E2B8BD35E2}.Release|x64.Build.0 = Release|x64
		{EBFBCB2C-8DB2-4474-B613-11E2B8BD35E2}.Release|x86.ActiveCfg = Release|Win32
		{EBFBCB2C-8DB2-4474-B613-11E2B8BD35E2}.Release|x86.Build.0 = Release|Win32
		{83F4ED2D-352C-4283-AF2E-88D5D38BF6B8}.Debug|x64.ActiveCfg = Debug|x64
		{83F4ED2D-352C-4283-AF2E-88D5D38BF6B8}.Debug|x64.Build.0 = Debug|x64
		{83F4ED2D-352C-4283-AF2E-88D5D38BF6B8}.Debug|x86.ActiveCfg = Debug|Win32
		{83F4ED2D-352C-4283-AF2E-88D5D38BF6B8}.Debug|x86.Build.0 = Debug|Win32
		{83F4ED2D-352C-4283-AF2E-88D5D38BF6B8}.Release|x64.ActiveCfg = Release|x64
		{83F4ED2D-352C-4283-AF2E-88D5D38BF6B8}.Release|x64.Build.0 = Release|x64
		{83F4ED2D-352C-4283-AF2E-88D5D38BF6B8}.Release|x86.ActiveCfg = Release|Win32
		{83F4ED2D-352C-4283-AF2E-88D5D38BF6B8}.Release|x86.Build.0 = Release|Win32
		{21733206-E316-494C-9B56-2908A58BB573}.Debug|x64.ActiveCfg = Debug|x64
		{21733206-E316-494C-9B56-2908A58BB573}.Debug|x64.Build.0 = Debug|x64
		{21733206-E316-494C-9B56-2908A58BB573}.Debug|x86.ActiveCfg = Debug|Win32
		{21733206-E316-494C-9B56-2908A58BB573}.Debug|x86.Build.0 = Debug|Win32
		{21733206-E316-494C-9B56-2908A58BB573}.Release|x64.ActiveCfg = Release|x64
		{21733206-E316-494C-9B56-2908A58BB573}.Release|x64.Build.0 = Release|x64
		{21733206-E316-494C-9B56-2908A58BB573}.Release|x86.ActiveCfg = Release|Win32
		{21733206-E316-494C-9B56-2908A58BB573}.Release|x86.Build.0 = Release|Win32
		{1BEB28EF-3059-42F7-BD27-E2AD709E5C12}.Debug|x64.ActiveCfg = Debug|x64
		{1BEB28EF-3059-42F7-BD27-E2AD709E5C12}.Debug|x64.Build.0 = Debug|x64
		{1BEB28EF-3059-42F7-BD27-E2AD709E5C12}.Debug|x86.ActiveCfg = Debug|Win32
		{1BEB28EF-3059-42F7-BD27-E2AD709E5C12}.Debug|x86.Build.0 = Debug|Win32
		{1BEB28EF-3059-42F7-BD27-E2AD709E5C12}.Release|x64.ActiveCfg = Release|x64
		{1BEB28EF-3059-42F7-BD27-E2AD709E5C12}.Release|x64.Build.0 = Release|x64
		{1BEB28EF-3059-42F7-BD27-E2AD709E5C12}.Release|x86.ActiveCfg = Release|Win32
		{1BEB28EF-3059-42F7-BD27-E2AD709E5C12}.Release|x86.Build.0 = Release|Win32
	EndGlobalSection
	GlobalSection(SolutionProperties) = preSolution
		HideSolutionNode = FALSE
	EndGlobalSection
	GlobalSection(ExtensibilityGlobals) = postSolution
		SolutionGuid = {DE5ECCE8-C49D-4CF8-8D30-5A4ECB015293}
	EndGlobalSection
EndGlobal
