
Microsoft Visual Studio Solution File, Format Version 12.00
# Visual Studio Version 17
VisualStudioVersion = 17.1.32414.318
MinimumVisualStudioVersion = 10.0.40219.1
Project("{8BC9CEB8-8B4A-11D0-8D11-00A0C91BC942}") = "command", "command\Command.vcxproj", "{0F56E0C2-087C-4914-876F-721A43449815}"
EndProject
Project("{8BC9CEB8-8B4A-11D0-8D11-00A0C91BC942}") = "flyweight", "flyweight\flyweight.vcxproj", "{EBFBCB2C-8DB2-4474-B613-11E2B8BD35E2}"
EndProject
Project("{8BC9CEB8-8B4A-11D0-8D11-00A0C91BC942}") = "observer", "observer\observer.vcxproj", "{83F4ED2D-352C-4283-AF2E-88D5D38BF6B8}"
EndProject
Project("{8BC9CEB8-8B4A-11D0-8D11-00A0C91BC942}") = "prototype", "prototype\prototype.vcxproj", "{21733206-E316-494C-9B56-2908A58BB573}"
EndProject
Project("{8BC9CEB8-8B4A-11D0-8D11-00A0C91BC942}") = "singleton", "singleton\singleton.vcxproj", "{1BEB28EF-3059-42F7-BD27-E2AD709E5C12}"
EndProject
Project("{8BC9CEB8-8B4A-11D0-8D11-00A0C91BC942}") = "state", "state\state.vcxproj", "{6C2069AE-EAE9-45A4-92EC-7469A3BB17A6}"
EndProject
Project("{8BC9CEB8-8B4A-11D0-8D11-00A0C91BC942}") = "dubble_buffer", "dubble_buffer\dubble_buffer.vcxproj", "{B70DAEAF-63A2-4FE2-B6ED-501F87B0DF83}"
EndProject
Project("{8BC9CEB8-8B4A-11D0-8D11-00A0C91BC942}") = "game_loop", "game_loop\game_loop.vcxproj", "{84A55E78-F0F5-4D02-9B2F-F3738B3B9A8B}"
EndProject
Project("{8BC9CEB8-8B4A-11D0-8D11-00A0C91BC942}") = "update_method", "update_method\update_method.vcxproj", "{0831E07A-A9C1-4792-BC8E-16F22301F44C}"
EndProject
Project("{8BC9CEB8-8B4A-11D0-8D11-00A0C91BC942}") = "bytecode", "bytecode\bytecode.vcxproj", "{E2E6C9B4-7743-47D4-AE99-11C993D423BC}"
EndProject
Project("{8BC9CEB8-8B4A-11D0-8D11-00A0C91BC942}") = "subclass_sandbox", "subclass_sandbox\subclass_sandbox.vcxproj", "{7B488ECB-08BF-4244-9312-B351C2A4AAB7}"
EndProject
Project("{8BC9CEB8-8B4A-11D0-8D11-00A0C91BC942}") = "type_object", "type_object\type_object.vcxproj", "{8B636C0C-9663-4833-AF26-5653573ACED2}"
EndProject
Project("{8BC9CEB8-8B4A-11D0-8D11-00A0C91BC942}") = "component", "component\component.vcxproj", "{29592D2B-DA4A-430F-B653-72F5F79C83EE}"
EndProject
Project("{8BC9CEB8-8B4A-11D0-8D11-00A0C91BC942}") = "event_queue", "event_queue\event_queue.vcxproj", "{4A318C26-2946-49AC-92E4-4A33BDA35DAD}"
EndProject
Project("{8BC9CEB8-8B4A-11D0-8D11-00A0C91BC942}") = "service_locator", "service_locator\service_locator.vcxproj", "{A4EA7C37-8E9F-410F-ACE9-49C301A0B150}"
EndProject
Project("{8BC9CEB8-8B4A-11D0-8D11-00A0C91BC942}") = "data_locality", "data_locality\data_locality.vcxproj", "{42142417-D3D3-4E99-96C8-0CB373E052D0}"
EndProject
Project("{8BC9CEB8-8B4A-11D0-8D11-00A0C91BC942}") = "dirty_flag", "dirty_flag\dirty_flag.vcxproj", "{464F418A-2B70-4D57-85E2-6563E1FD481D}"
EndProject
Project("{8BC9CEB8-8B4A-11D0-8D11-00A0C91BC942}") = "object_pool", "object_pool\object_pool.vcxproj", "{1CB00502-BFE1-4745-A36F-B72CDB0DAA27}"
EndProject
Project("{8BC9CEB8-8B4A-11D0-8D11-00A0C91BC942}") = "spatial_partition", "spatial_partition\spatial_partition.vcxproj", "{9C16AB47-59F7-4760-AD9E-9CC14229A8F7}"
EndProject
Project("{2150E333-8FDC-42A3-9474-1A3956D46DE8}") = "study", "study", "{EA720910-7DA9-4BBD-97D1-7F89A7D902A5}"
EndProject
Project("{2150E333-8FDC-42A3-9474-1A3956D46DE8}") = "gpp", "gpp", "{64C7F654-8045-4257-8E15-3C625201160D}"
EndProject
Project("{8BC9CEB8-8B4A-11D0-8D11-00A0C91BC942}") = "gpp_game", "gpp_game\gpp_game.vcxproj", "{1876696E-EA87-4290-AB36-1EC829D69251}"
EndProject
Project("{8BC9CEB8-8B4A-11D0-8D11-00A0C91BC942}") = "gpp_engine", "game_project_perditio\game_project_perditio.vcxproj", "{6B6ECF4E-3E96-439E-82D6-6B7D935C24CC}"
EndProject
Project("{8BC9CEB8-8B4A-11D0-8D11-00A0C91BC942}") = "gpp_map_tool", "gpp_map_tool\gpp_map_tool.vcxproj", "{7F045873-D90E-4E87-92ED-80EB7F0BD753}"
EndProject
Global
	GlobalSection(SolutionConfigurationPlatforms) = preSolution
		Debug|x64 = Debug|x64
		Debug|x86 = Debug|x86
		Release|x64 = Release|x64
		Release|x86 = Release|x86
	EndGlobalSection
	GlobalSection(ProjectConfigurationPlatforms) = postSolution
		{0F56E0C2-087C-4914-876F-721A43449815}.Debug|x64.ActiveCfg = Debug|x64
		{0F56E0C2-087C-4914-876F-721A43449815}.Debug|x64.Build.0 = Debug|x64
		{0F56E0C2-087C-4914-876F-721A43449815}.Debug|x86.ActiveCfg = Debug|Win32
		{0F56E0C2-087C-4914-876F-721A43449815}.Debug|x86.Build.0 = Debug|Win32
		{0F56E0C2-087C-4914-876F-721A43449815}.Release|x64.ActiveCfg = Release|x64
		{0F56E0C2-087C-4914-876F-721A43449815}.Release|x64.Build.0 = Release|x64
		{0F56E0C2-087C-4914-876F-721A43449815}.Release|x86.ActiveCfg = Release|Win32
		{0F56E0C2-087C-4914-876F-721A43449815}.Release|x86.Build.0 = Release|Win32
		{EBFBCB2C-8DB2-4474-B613-11E2B8BD35E2}.Debug|x64.ActiveCfg = Debug|x64
		{EBFBCB2C-8DB2-4474-B613-11E2B8BD35E2}.Debug|x64.Build.0 = Debug|x64
		{EBFBCB2C-8DB2-4474-B613-11E2B8BD35E2}.Debug|x86.ActiveCfg = Debug|Win32
		{EBFBCB2C-8DB2-4474-B613-11E2B8BD35E2}.Debug|x86.Build.0 = Debug|Win32
		{EBFBCB2C-8DB2-4474-B613-11E2B8BD35E2}.Release|x64.ActiveCfg = Release|x64
		{EBFBCB2C-8DB2-4474-B613-11E2B8BD35E2}.Release|x64.Build.0 = Release|x64
		{EBFBCB2C-8DB2-4474-B613-11E2B8BD35E2}.Release|x86.ActiveCfg = Release|Win32
		{EBFBCB2C-8DB2-4474-B613-11E2B8BD35E2}.Release|x86.Build.0 = Release|Win32
		{83F4ED2D-352C-4283-AF2E-88D5D38BF6B8}.Debug|x64.ActiveCfg = Debug|x64
		{83F4ED2D-352C-4283-AF2E-88D5D38BF6B8}.Debug|x64.Build.0 = Debug|x64
		{83F4ED2D-352C-4283-AF2E-88D5D38BF6B8}.Debug|x86.ActiveCfg = Debug|Win32
		{83F4ED2D-352C-4283-AF2E-88D5D38BF6B8}.Debug|x86.Build.0 = Debug|Win32
		{83F4ED2D-352C-4283-AF2E-88D5D38BF6B8}.Release|x64.ActiveCfg = Release|x64
		{83F4ED2D-352C-4283-AF2E-88D5D38BF6B8}.Release|x64.Build.0 = Release|x64
		{83F4ED2D-352C-4283-AF2E-88D5D38BF6B8}.Release|x86.ActiveCfg = Release|Win32
		{83F4ED2D-352C-4283-AF2E-88D5D38BF6B8}.Release|x86.Build.0 = Release|Win32
		{21733206-E316-494C-9B56-2908A58BB573}.Debug|x64.ActiveCfg = Debug|x64
		{21733206-E316-494C-9B56-2908A58BB573}.Debug|x64.Build.0 = Debug|x64
		{21733206-E316-494C-9B56-2908A58BB573}.Debug|x86.ActiveCfg = Debug|Win32
		{21733206-E316-494C-9B56-2908A58BB573}.Debug|x86.Build.0 = Debug|Win32
		{21733206-E316-494C-9B56-2908A58BB573}.Release|x64.ActiveCfg = Release|x64
		{21733206-E316-494C-9B56-2908A58BB573}.Release|x64.Build.0 = Release|x64
		{21733206-E316-494C-9B56-2908A58BB573}.Release|x86.ActiveCfg = Release|Win32
		{21733206-E316-494C-9B56-2908A58BB573}.Release|x86.Build.0 = Release|Win32
		{1BEB28EF-3059-42F7-BD27-E2AD709E5C12}.Debug|x64.ActiveCfg = Debug|x64
		{1BEB28EF-3059-42F7-BD27-E2AD709E5C12}.Debug|x64.Build.0 = Debug|x64
		{1BEB28EF-3059-42F7-BD27-E2AD709E5C12}.Debug|x86.ActiveCfg = Debug|Win32
		{1BEB28EF-3059-42F7-BD27-E2AD709E5C12}.Debug|x86.Build.0 = Debug|Win32
		{1BEB28EF-3059-42F7-BD27-E2AD709E5C12}.Release|x64.ActiveCfg = Release|x64
		{1BEB28EF-3059-42F7-BD27-E2AD709E5C12}.Release|x64.Build.0 = Release|x64
		{1BEB28EF-3059-42F7-BD27-E2AD709E5C12}.Release|x86.ActiveCfg = Release|Win32
		{1BEB28EF-3059-42F7-BD27-E2AD709E5C12}.Release|x86.Build.0 = Release|Win32
		{6C2069AE-EAE9-45A4-92EC-7469A3BB17A6}.Debug|x64.ActiveCfg = Debug|x64
		{6C2069AE-EAE9-45A4-92EC-7469A3BB17A6}.Debug|x64.Build.0 = Debug|x64
		{6C2069AE-EAE9-45A4-92EC-7469A3BB17A6}.Debug|x86.ActiveCfg = Debug|Win32
		{6C2069AE-EAE9-45A4-92EC-7469A3BB17A6}.Debug|x86.Build.0 = Debug|Win32
		{6C2069AE-EAE9-45A4-92EC-7469A3BB17A6}.Release|x64.ActiveCfg = Release|x64
		{6C2069AE-EAE9-45A4-92EC-7469A3BB17A6}.Release|x64.Build.0 = Release|x64
		{6C2069AE-EAE9-45A4-92EC-7469A3BB17A6}.Release|x86.ActiveCfg = Release|Win32
		{6C2069AE-EAE9-45A4-92EC-7469A3BB17A6}.Release|x86.Build.0 = Release|Win32
		{B70DAEAF-63A2-4FE2-B6ED-501F87B0DF83}.Debug|x64.ActiveCfg = Debug|x64
		{B70DAEAF-63A2-4FE2-B6ED-501F87B0DF83}.Debug|x64.Build.0 = Debug|x64
		{B70DAEAF-63A2-4FE2-B6ED-501F87B0DF83}.Debug|x86.ActiveCfg = Debug|Win32
		{B70DAEAF-63A2-4FE2-B6ED-501F87B0DF83}.Debug|x86.Build.0 = Debug|Win32
		{B70DAEAF-63A2-4FE2-B6ED-501F87B0DF83}.Release|x64.ActiveCfg = Release|x64
		{B70DAEAF-63A2-4FE2-B6ED-501F87B0DF83}.Release|x64.Build.0 = Release|x64
		{B70DAEAF-63A2-4FE2-B6ED-501F87B0DF83}.Release|x86.ActiveCfg = Release|Win32
		{B70DAEAF-63A2-4FE2-B6ED-501F87B0DF83}.Release|x86.Build.0 = Release|Win32
		{84A55E78-F0F5-4D02-9B2F-F3738B3B9A8B}.Debug|x64.ActiveCfg = Debug|x64
		{84A55E78-F0F5-4D02-9B2F-F3738B3B9A8B}.Debug|x64.Build.0 = Debug|x64
		{84A55E78-F0F5-4D02-9B2F-F3738B3B9A8B}.Debug|x86.ActiveCfg = Debug|Win32
		{84A55E78-F0F5-4D02-9B2F-F3738B3B9A8B}.Debug|x86.Build.0 = Debug|Win32
		{84A55E78-F0F5-4D02-9B2F-F3738B3B9A8B}.Release|x64.ActiveCfg = Release|x64
		{84A55E78-F0F5-4D02-9B2F-F3738B3B9A8B}.Release|x64.Build.0 = Release|x64
		{84A55E78-F0F5-4D02-9B2F-F3738B3B9A8B}.Release|x86.ActiveCfg = Release|Win32
		{84A55E78-F0F5-4D02-9B2F-F3738B3B9A8B}.Release|x86.Build.0 = Release|Win32
		{0831E07A-A9C1-4792-BC8E-16F22301F44C}.Debug|x64.ActiveCfg = Debug|x64
		{0831E07A-A9C1-4792-BC8E-16F22301F44C}.Debug|x64.Build.0 = Debug|x64
		{0831E07A-A9C1-4792-BC8E-16F22301F44C}.Debug|x86.ActiveCfg = Debug|Win32
		{0831E07A-A9C1-4792-BC8E-16F22301F44C}.Debug|x86.Build.0 = Debug|Win32
		{0831E07A-A9C1-4792-BC8E-16F22301F44C}.Release|x64.ActiveCfg = Release|x64
		{0831E07A-A9C1-4792-BC8E-16F22301F44C}.Release|x64.Build.0 = Release|x64
		{0831E07A-A9C1-4792-BC8E-16F22301F44C}.Release|x86.ActiveCfg = Release|Win32
		{0831E07A-A9C1-4792-BC8E-16F22301F44C}.Release|x86.Build.0 = Release|Win32
		{E2E6C9B4-7743-47D4-AE99-11C993D423BC}.Debug|x64.ActiveCfg = Debug|x64
		{E2E6C9B4-7743-47D4-AE99-11C993D423BC}.Debug|x64.Build.0 = Debug|x64
		{E2E6C9B4-7743-47D4-AE99-11C993D423BC}.Debug|x86.ActiveCfg = Debug|Win32
		{E2E6C9B4-7743-47D4-AE99-11C993D423BC}.Debug|x86.Build.0 = Debug|Win32
		{E2E6C9B4-7743-47D4-AE99-11C993D423BC}.Release|x64.ActiveCfg = Release|x64
		{E2E6C9B4-7743-47D4-AE99-11C993D423BC}.Release|x64.Build.0 = Release|x64
		{E2E6C9B4-7743-47D4-AE99-11C993D423BC}.Release|x86.ActiveCfg = Release|Win32
		{E2E6C9B4-7743-47D4-AE99-11C993D423BC}.Release|x86.Build.0 = Release|Win32
		{7B488ECB-08BF-4244-9312-B351C2A4AAB7}.Debug|x64.ActiveCfg = Debug|x64
		{7B488ECB-08BF-4244-9312-B351C2A4AAB7}.Debug|x64.Build.0 = Debug|x64
		{7B488ECB-08BF-4244-9312-B351C2A4AAB7}.Debug|x86.ActiveCfg = Debug|Win32
		{7B488ECB-08BF-4244-9312-B351C2A4AAB7}.Debug|x86.Build.0 = Debug|Win32
		{7B488ECB-08BF-4244-9312-B351C2A4AAB7}.Release|x64.ActiveCfg = Release|x64
		{7B488ECB-08BF-4244-9312-B351C2A4AAB7}.Release|x64.Build.0 = Release|x64
		{7B488ECB-08BF-4244-9312-B351C2A4AAB7}.Release|x86.ActiveCfg = Release|Win32
		{7B488ECB-08BF-4244-9312-B351C2A4AAB7}.Release|x86.Build.0 = Release|Win32
		{8B636C0C-9663-4833-AF26-5653573ACED2}.Debug|x64.ActiveCfg = Debug|x64
		{8B636C0C-9663-4833-AF26-5653573ACED2}.Debug|x64.Build.0 = Debug|x64
		{8B636C0C-9663-4833-AF26-5653573ACED2}.Debug|x86.ActiveCfg = Debug|Win32
		{8B636C0C-9663-4833-AF26-5653573ACED2}.Debug|x86.Build.0 = Debug|Win32
		{8B636C0C-9663-4833-AF26-5653573ACED2}.Release|x64.ActiveCfg = Release|x64
		{8B636C0C-9663-4833-AF26-5653573ACED2}.Release|x64.Build.0 = Release|x64
		{8B636C0C-9663-4833-AF26-5653573ACED2}.Release|x86.ActiveCfg = Release|Win32
		{8B636C0C-9663-4833-AF26-5653573ACED2}.Release|x86.Build.0 = Release|Win32
		{29592D2B-DA4A-430F-B653-72F5F79C83EE}.Debug|x64.ActiveCfg = Debug|x64
		{29592D2B-DA4A-430F-B653-72F5F79C83EE}.Debug|x64.Build.0 = Debug|x64
		{29592D2B-DA4A-430F-B653-72F5F79C83EE}.Debug|x86.ActiveCfg = Debug|Win32
		{29592D2B-DA4A-430F-B653-72F5F79C83EE}.Debug|x86.Build.0 = Debug|Win32
		{29592D2B-DA4A-430F-B653-72F5F79C83EE}.Release|x64.ActiveCfg = Release|x64
		{29592D2B-DA4A-430F-B653-72F5F79C83EE}.Release|x64.Build.0 = Release|x64
		{29592D2B-DA4A-430F-B653-72F5F79C83EE}.Release|x86.ActiveCfg = Release|Win32
		{29592D2B-DA4A-430F-B653-72F5F79C83EE}.Release|x86.Build.0 = Release|Win32
		{4A318C26-2946-49AC-92E4-4A33BDA35DAD}.Debug|x64.ActiveCfg = Debug|x64
		{4A318C26-2946-49AC-92E4-4A33BDA35DAD}.Debug|x64.Build.0 = Debug|x64
		{4A318C26-2946-49AC-92E4-4A33BDA35DAD}.Debug|x86.ActiveCfg = Debug|Win32
		{4A318C26-2946-49AC-92E4-4A33BDA35DAD}.Debug|x86.Build.0 = Debug|Win32
		{4A318C26-2946-49AC-92E4-4A33BDA35DAD}.Release|x64.ActiveCfg = Release|x64
		{4A318C26-2946-49AC-92E4-4A33BDA35DAD}.Release|x64.Build.0 = Release|x64
		{4A318C26-2946-49AC-92E4-4A33BDA35DAD}.Release|x86.ActiveCfg = Release|Win32
		{4A318C26-2946-49AC-92E4-4A33BDA35DAD}.Release|x86.Build.0 = Release|Win32
		{A4EA7C37-8E9F-410F-ACE9-49C301A0B150}.Debug|x64.ActiveCfg = Debug|x64
		{A4EA7C37-8E9F-410F-ACE9-49C301A0B150}.Debug|x64.Build.0 = Debug|x64
		{A4EA7C37-8E9F-410F-ACE9-49C301A0B150}.Debug|x86.ActiveCfg = Debug|Win32
		{A4EA7C37-8E9F-410F-ACE9-49C301A0B150}.Debug|x86.Build.0 = Debug|Win32
		{A4EA7C37-8E9F-410F-ACE9-49C301A0B150}.Release|x64.ActiveCfg = Release|x64
		{A4EA7C37-8E9F-410F-ACE9-49C301A0B150}.Release|x64.Build.0 = Release|x64
		{A4EA7C37-8E9F-410F-ACE9-49C301A0B150}.Release|x86.ActiveCfg = Release|Win32
		{A4EA7C37-8E9F-410F-ACE9-49C301A0B150}.Release|x86.Build.0 = Release|Win32
		{42142417-D3D3-4E99-96C8-0CB373E052D0}.Debug|x64.ActiveCfg = Debug|x64
		{42142417-D3D3-4E99-96C8-0CB373E052D0}.Debug|x64.Build.0 = Debug|x64
		{42142417-D3D3-4E99-96C8-0CB373E052D0}.Debug|x86.ActiveCfg = Debug|Win32
		{42142417-D3D3-4E99-96C8-0CB373E052D0}.Debug|x86.Build.0 = Debug|Win32
		{42142417-D3D3-4E99-96C8-0CB373E052D0}.Release|x64.ActiveCfg = Release|x64
		{42142417-D3D3-4E99-96C8-0CB373E052D0}.Release|x64.Build.0 = Release|x64
		{42142417-D3D3-4E99-96C8-0CB373E052D0}.Release|x86.ActiveCfg = Release|Win32
		{42142417-D3D3-4E99-96C8-0CB373E052D0}.Release|x86.Build.0 = Release|Win32
		{464F418A-2B70-4D57-85E2-6563E1FD481D}.Debug|x64.ActiveCfg = Debug|x64
		{464F418A-2B70-4D57-85E2-6563E1FD481D}.Debug|x64.Build.0 = Debug|x64
		{464F418A-2B70-4D57-85E2-6563E1FD481D}.Debug|x86.ActiveCfg = Debug|Win32
		{464F418A-2B70-4D57-85E2-6563E1FD481D}.Debug|x86.Build.0 = Debug|Win32
		{464F418A-2B70-4D57-85E2-6563E1FD481D}.Release|x64.ActiveCfg = Release|x64
		{464F418A-2B70-4D57-85E2-6563E1FD481D}.Release|x64.Build.0 = Release|x64
		{464F418A-2B70-4D57-85E2-6563E1FD481D}.Release|x86.ActiveCfg = Release|Win32
		{464F418A-2B70-4D57-85E2-6563E1FD481D}.Release|x86.Build.0 = Release|Win32
		{1CB00502-BFE1-4745-A36F-B72CDB0DAA27}.Debug|x64.ActiveCfg = Debug|x64
		{1CB00502-BFE1-4745-A36F-B72CDB0DAA27}.Debug|x64.Build.0 = Debug|x64
		{1CB00502-BFE1-4745-A36F-B72CDB0DAA27}.Debug|x86.ActiveCfg = Debug|Win32
		{1CB00502-BFE1-4745-A36F-B72CDB0DAA27}.Debug|x86.Build.0 = Debug|Win32
		{1CB00502-BFE1-4745-A36F-B72CDB0DAA27}.Release|x64.ActiveCfg = Release|x64
		{1CB00502-BFE1-4745-A36F-B72CDB0DAA27}.Release|x64.Build.0 = Release|x64
		{1CB00502-BFE1-4745-A36F-B72CDB0DAA27}.Release|x86.ActiveCfg = Release|Win32
		{1CB00502-BFE1-4745-A36F-B72CDB0DAA27}.Release|x86.Build.0 = Release|Win32
		{9C16AB47-59F7-4760-AD9E-9CC14229A8F7}.Debug|x64.ActiveCfg = Debug|x64
		{9C16AB47-59F7-4760-AD9E-9CC14229A8F7}.Debug|x64.Build.0 = Debug|x64
		{9C16AB47-59F7-4760-AD9E-9CC14229A8F7}.Debug|x86.ActiveCfg = Debug|Win32
		{9C16AB47-59F7-4760-AD9E-9CC14229A8F7}.Debug|x86.Build.0 = Debug|Win32
		{9C16AB47-59F7-4760-AD9E-9CC14229A8F7}.Release|x64.ActiveCfg = Release|x64
		{9C16AB47-59F7-4760-AD9E-9CC14229A8F7}.Release|x64.Build.0 = Release|x64
		{9C16AB47-59F7-4760-AD9E-9CC14229A8F7}.Release|x86.ActiveCfg = Release|Win32
		{9C16AB47-59F7-4760-AD9E-9CC14229A8F7}.Release|x86.Build.0 = Release|Win32
		{1876696E-EA87-4290-AB36-1EC829D69251}.Debug|x64.ActiveCfg = Debug|x64
		{1876696E-EA87-4290-AB36-1EC829D69251}.Debug|x64.Build.0 = Debug|x64
		{1876696E-EA87-4290-AB36-1EC829D69251}.Debug|x86.ActiveCfg = Debug|Win32
		{1876696E-EA87-4290-AB36-1EC829D69251}.Debug|x86.Build.0 = Debug|Win32
		{1876696E-EA87-4290-AB36-1EC829D69251}.Release|x64.ActiveCfg = Release|x64
		{1876696E-EA87-4290-AB36-1EC829D69251}.Release|x64.Build.0 = Release|x64
		{1876696E-EA87-4290-AB36-1EC829D69251}.Release|x86.ActiveCfg = Release|Win32
		{1876696E-EA87-4290-AB36-1EC829D69251}.Release|x86.Build.0 = Release|Win32
		{6B6ECF4E-3E96-439E-82D6-6B7D935C24CC}.Debug|x64.ActiveCfg = Debug|x64
		{6B6ECF4E-3E96-439E-82D6-6B7D935C24CC}.Debug|x64.Build.0 = Debug|x64
		{6B6ECF4E-3E96-439E-82D6-6B7D935C24CC}.Debug|x86.ActiveCfg = Debug|Win32
		{6B6ECF4E-3E96-439E-82D6-6B7D935C24CC}.Debug|x86.Build.0 = Debug|Win32
		{6B6ECF4E-3E96-439E-82D6-6B7D935C24CC}.Release|x64.ActiveCfg = Release|x64
		{6B6ECF4E-3E96-439E-82D6-6B7D935C24CC}.Release|x64.Build.0 = Release|x64
		{6B6ECF4E-3E96-439E-82D6-6B7D935C24CC}.Release|x86.ActiveCfg = Release|Win32
		{6B6ECF4E-3E96-439E-82D6-6B7D935C24CC}.Release|x86.Build.0 = Release|Win32
		{7F045873-D90E-4E87-92ED-80EB7F0BD753}.Debug|x64.ActiveCfg = Debug|x64
		{7F045873-D90E-4E87-92ED-80EB7F0BD753}.Debug|x64.Build.0 = Debug|x64
		{7F045873-D90E-4E87-92ED-80EB7F0BD753}.Debug|x86.ActiveCfg = Debug|Win32
		{7F045873-D90E-4E87-92ED-80EB7F0BD753}.Debug|x86.Build.0 = Debug|Win32
		{7F045873-D90E-4E87-92ED-80EB7F0BD753}.Release|x64.ActiveCfg = Release|x64
		{7F045873-D90E-4E87-92ED-80EB7F0BD753}.Release|x64.Build.0 = Release|x64
		{7F045873-D90E-4E87-92ED-80EB7F0BD753}.Release|x86.ActiveCfg = Release|Win32
		{7F045873-D90E-4E87-92ED-80EB7F0BD753}.Release|x86.Build.0 = Release|Win32
	EndGlobalSection
	GlobalSection(SolutionProperties) = preSolution
		HideSolutionNode = FALSE
	EndGlobalSection
	GlobalSection(NestedProjects) = preSolution
		{0F56E0C2-087C-4914-876F-721A43449815} = {EA720910-7DA9-4BBD-97D1-7F89A7D902A5}
		{EBFBCB2C-8DB2-4474-B613-11E2B8BD35E2} = {EA720910-7DA9-4BBD-97D1-7F89A7D902A5}
		{83F4ED2D-352C-4283-AF2E-88D5D38BF6B8} = {EA720910-7DA9-4BBD-97D1-7F89A7D902A5}
		{21733206-E316-494C-9B56-2908A58BB573} = {EA720910-7DA9-4BBD-97D1-7F89A7D902A5}
		{1BEB28EF-3059-42F7-BD27-E2AD709E5C12} = {EA720910-7DA9-4BBD-97D1-7F89A7D902A5}
		{6C2069AE-EAE9-45A4-92EC-7469A3BB17A6} = {EA720910-7DA9-4BBD-97D1-7F89A7D902A5}
		{B70DAEAF-63A2-4FE2-B6ED-501F87B0DF83} = {EA720910-7DA9-4BBD-97D1-7F89A7D902A5}
		{84A55E78-F0F5-4D02-9B2F-F3738B3B9A8B} = {EA720910-7DA9-4BBD-97D1-7F89A7D902A5}
		{0831E07A-A9C1-4792-BC8E-16F22301F44C} = {EA720910-7DA9-4BBD-97D1-7F89A7D902A5}
		{E2E6C9B4-7743-47D4-AE99-11C993D423BC} = {EA720910-7DA9-4BBD-97D1-7F89A7D902A5}
		{7B488ECB-08BF-4244-9312-B351C2A4AAB7} = {EA720910-7DA9-4BBD-97D1-7F89A7D902A5}
		{8B636C0C-9663-4833-AF26-5653573ACED2} = {EA720910-7DA9-4BBD-97D1-7F89A7D902A5}
		{29592D2B-DA4A-430F-B653-72F5F79C83EE} = {EA720910-7DA9-4BBD-97D1-7F89A7D902A5}
		{4A318C26-2946-49AC-92E4-4A33BDA35DAD} = {EA720910-7DA9-4BBD-97D1-7F89A7D902A5}
		{A4EA7C37-8E9F-410F-ACE9-49C301A0B150} = {EA720910-7DA9-4BBD-97D1-7F89A7D902A5}
		{42142417-D3D3-4E99-96C8-0CB373E052D0} = {EA720910-7DA9-4BBD-97D1-7F89A7D902A5}
		{464F418A-2B70-4D57-85E2-6563E1FD481D} = {EA720910-7DA9-4BBD-97D1-7F89A7D902A5}
		{1CB00502-BFE1-4745-A36F-B72CDB0DAA27} = {EA720910-7DA9-4BBD-97D1-7F89A7D902A5}
		{9C16AB47-59F7-4760-AD9E-9CC14229A8F7} = {EA720910-7DA9-4BBD-97D1-7F89A7D902A5}
		{1876696E-EA87-4290-AB36-1EC829D69251} = {64C7F654-8045-4257-8E15-3C625201160D}
		{6B6ECF4E-3E96-439E-82D6-6B7D935C24CC} = {64C7F654-8045-4257-8E15-3C625201160D}
		{7F045873-D90E-4E87-92ED-80EB7F0BD753} = {64C7F654-8045-4257-8E15-3C625201160D}
	EndGlobalSection
	GlobalSection(ExtensibilityGlobals) = postSolution
		SolutionGuid = {DE5ECCE8-C49D-4CF8-8D30-5A4ECB015293}
	EndGlobalSection
EndGlobal
