<?xml version="1.0" encoding="utf-8"?>
<Project ToolsVersion="4.0" xmlns="http://schemas.microsoft.com/developer/msbuild/2003">
  <ItemGroup>
    <Filter Include="Source Files">
      <UniqueIdentifier>{4FC737F1-C7A5-4376-A066-2A32D752A2FF}</UniqueIdentifier>
      <Extensions>cpp;c;cc;cxx;c++;cppm;ixx;def;odl;idl;hpj;bat;asm;asmx</Extensions>
    </Filter>
    <Filter Include="Header Files">
      <UniqueIdentifier>{93995380-89BD-4b04-88EB-625FBE52EBFB}</UniqueIdentifier>
      <Extensions>h;hh;hpp;hxx;h++;hm;inl;inc;ipp;xsd</Extensions>
    </Filter>
    <Filter Include="Resource Files">
      <UniqueIdentifier>{67DA6AB6-F800-4c08-8B7A-83BB121AAD01}</UniqueIdentifier>
      <Extensions>rc;ico;cur;bmp;dlg;rc2;rct;bin;rgs;gif;jpg;jpeg;jpe;resx;tiff;tif;png;wav;mfcribbon-ms</Extensions>
    </Filter>
    <Filter Include="00. game">
      <UniqueIdentifier>{869e2fb2-c1af-4273-9d60-2ed329ba0909}</UniqueIdentifier>
    </Filter>
    <Filter Include="00. game\object">
      <UniqueIdentifier>{054d06d7-a0de-44f8-b550-e5dcc164346e}</UniqueIdentifier>
    </Filter>
    <Filter Include="00. game\world">
      <UniqueIdentifier>{56ff81bd-bcf5-41e3-b08e-5e45de332309}</UniqueIdentifier>
    </Filter>
    <Filter Include="00. game\object\object_pool">
      <UniqueIdentifier>{bd326c91-2bc6-4bef-b02f-a25b330a1761}</UniqueIdentifier>
    </Filter>
    <Filter Include="00. game\object\object_factory">
      <UniqueIdentifier>{e785b4e6-9378-4c36-90df-97cf236b9fce}</UniqueIdentifier>
    </Filter>
    <Filter Include="01. controller">
      <UniqueIdentifier>{d8cf54fb-ca27-4d13-9a18-054c0fa02162}</UniqueIdentifier>
    </Filter>
    <Filter Include="02. renderer">
      <UniqueIdentifier>{e7e2c447-9d35-4064-ae0a-506848b5dc15}</UniqueIdentifier>
    </Filter>
    <Filter Include="00. game\user_interface">
      <UniqueIdentifier>{3837a470-b30c-43eb-b648-d5d3a1dca8e4}</UniqueIdentifier>
    </Filter>
    <Filter Include="00. game\object\component">
      <UniqueIdentifier>{127ca7ae-a578-41a5-a00c-4146ae8f06c1}</UniqueIdentifier>
    </Filter>
    <Filter Include="00. game\object\component\interface">
      <UniqueIdentifier>{0b717086-9c44-404c-b79b-ee5615fe8280}</UniqueIdentifier>
    </Filter>
    <Filter Include="00. game\object\component\implements">
      <UniqueIdentifier>{0cacde96-4cb3-4dfc-a08d-edaf56a39149}</UniqueIdentifier>
    </Filter>
    <Filter Include="00. game\object\component\implements\ai">
      <UniqueIdentifier>{a45634cc-0f0c-4828-a91e-bb1a7021ce32}</UniqueIdentifier>
    </Filter>
    <Filter Include="00. game\object\component\implements\graphics">
      <UniqueIdentifier>{3c6282bc-136c-4849-8c90-dda90ef32306}</UniqueIdentifier>
    </Filter>
    <Filter Include="00. game\object\component\implements\input">
      <UniqueIdentifier>{c6f3cb57-8501-428c-8d0b-914e5d460c5f}</UniqueIdentifier>
    </Filter>
    <Filter Include="00. game\object\component\implements\physics">
      <UniqueIdentifier>{fbc33c96-017e-433e-bc72-89a239fa3bae}</UniqueIdentifier>
    </Filter>
    <Filter Include="00. game\game_mode">
      <UniqueIdentifier>{3d52f6c0-ad17-42fc-8b9b-9350f661ec59}</UniqueIdentifier>
    </Filter>
    <Filter Include="00. game\game_state">
      <UniqueIdentifier>{0ceaf35e-ad1d-48b4-99bf-a5751bd8c87c}</UniqueIdentifier>
    </Filter>
    <Filter Include="00. game\object\object_state">
      <UniqueIdentifier>{a3b48305-d4ed-4b66-854a-d4890e1df75a}</UniqueIdentifier>
    </Filter>
    <Filter Include="03. audio">
      <UniqueIdentifier>{c3c04d5a-3163-44c5-bb7f-6aaa20d73697}</UniqueIdentifier>
    </Filter>
    <Filter Include="04. event">
      <UniqueIdentifier>{9ef77057-07ea-4293-b26c-77d01042ba4b}</UniqueIdentifier>
    </Filter>
    <Filter Include="05. log">
      <UniqueIdentifier>{3752737d-ff8d-4e91-8458-c6ad8fa9f107}</UniqueIdentifier>
    </Filter>
    <Filter Include="05. log\console">
      <UniqueIdentifier>{5aa1bb3b-ce43-4c60-956f-40b9bd1725c7}</UniqueIdentifier>
    </Filter>
    <Filter Include="00. game\user_interface\hud">
      <UniqueIdentifier>{71013919-d016-4311-b732-d5c7954e5825}</UniqueIdentifier>
    </Filter>
    <Filter Include="00. game\user_interface\ui_element">
      <UniqueIdentifier>{4318619c-b59e-4e4c-a885-6c12ae6e4eef}</UniqueIdentifier>
    </Filter>
    <Filter Include="00. game\user_interface\ui_element\progress_bar">
      <UniqueIdentifier>{fc32f929-9da5-448b-acbc-e28746b8818d}</UniqueIdentifier>
    </Filter>
    <Filter Include="00. game\object\object_state\player_state">
      <UniqueIdentifier>{e33cbae8-595b-4cdc-a40f-f150d23061bc}</UniqueIdentifier>
    </Filter>
    <Filter Include="00. game\object\object_state\monster_state">
      <UniqueIdentifier>{332e1e11-f63a-4765-8dea-47816f465b51}</UniqueIdentifier>
    </Filter>
    <Filter Include="06. ai">
      <UniqueIdentifier>{6bca05e9-4f50-484f-b5ca-aa06c2ef74b5}</UniqueIdentifier>
    </Filter>
    <Filter Include="06. ai\black_board">
      <UniqueIdentifier>{b0855ca8-caab-4836-9632-08c80d320039}</UniqueIdentifier>
    </Filter>
    <Filter Include="06. ai\path_finding">
      <UniqueIdentifier>{bc117f1c-1db7-47de-bec6-470efae46418}</UniqueIdentifier>
    </Filter>
    <Filter Include="06. ai\path_finding\navigation_data">
      <UniqueIdentifier>{ba85cf93-dd24-4fa4-9024-4dd5057780bf}</UniqueIdentifier>
    </Filter>
    <Filter Include="06. ai\path_finding\a_star">
      <UniqueIdentifier>{8e48377b-bdbe-4cac-822b-4a5c59404cf5}</UniqueIdentifier>
    </Filter>
    <Filter Include="06. ai\behavior_tree">
      <UniqueIdentifier>{d69dc6ed-6e45-4fb2-a4a5-a420d16720f4}</UniqueIdentifier>
    </Filter>
  </ItemGroup>
  <ItemGroup>
    <ClInclude Include="stdafx.h">
      <Filter>Header Files</Filter>
    </ClInclude>
    <ClInclude Include="per_game.h">
      <Filter>00. game</Filter>
    </ClInclude>
    <ClInclude Include="per_world.h">
      <Filter>00. game\world</Filter>
    </ClInclude>
    <ClInclude Include="per_vector.h">
      <Filter>Header Files</Filter>
    </ClInclude>
    <ClInclude Include="per_object.h">
      <Filter>00. game\object</Filter>
    </ClInclude>
    <ClInclude Include="ai_component.h">
      <Filter>00. game\object\component\interface</Filter>
    </ClInclude>
    <ClInclude Include="graphics_component.h">
      <Filter>00. game\object\component\interface</Filter>
    </ClInclude>
    <ClInclude Include="input_component.h">
      <Filter>00. game\object\component\interface</Filter>
    </ClInclude>
    <ClInclude Include="physics_component.h">
      <Filter>00. game\object\component\interface</Filter>
    </ClInclude>
    <ClInclude Include="movable_physics_component.h">
      <Filter>00. game\object\component\implements\physics</Filter>
    </ClInclude>
    <ClInclude Include="fixed_physics_component.h">
      <Filter>00. game\object\component\implements\physics</Filter>
    </ClInclude>
    <ClInclude Include="visible_graphics_component.h">
      <Filter>00. game\object\component\implements\graphics</Filter>
    </ClInclude>
    <ClInclude Include="hidden_graphics_component.h">
      <Filter>00. game\object\component\implements\graphics</Filter>
    </ClInclude>
    <ClInclude Include="interact_input_component.h">
      <Filter>00. game\object\component\implements\input</Filter>
    </ClInclude>
    <ClInclude Include="no_interact_input_component.h">
      <Filter>00. game\object\component\implements\input</Filter>
    </ClInclude>
    <ClInclude Include="intelligent_ai_component.h">
      <Filter>00. game\object\component\implements\ai</Filter>
    </ClInclude>
    <ClInclude Include="unintelligent_ai_component.h">
      <Filter>00. game\object\component\implements\ai</Filter>
    </ClInclude>
    <ClInclude Include="object_factory.h">
      <Filter>00. game\object\object_factory</Filter>
    </ClInclude>
    <ClInclude Include="object_pool.h">
      <Filter>00. game\object\object_pool</Filter>
    </ClInclude>
    <ClInclude Include="per_component.h">
      <Filter>00. game\object\component</Filter>
    </ClInclude>
    <ClInclude Include="player_input_component.h">
      <Filter>00. game\object\component\implements\input</Filter>
    </ClInclude>
    <ClInclude Include="per_controller.h">
      <Filter>01. controller</Filter>
    </ClInclude>
    <ClInclude Include="per_renderer.h">
      <Filter>02. renderer</Filter>
    </ClInclude>
    <ClInclude Include="per_audio.h">
      <Filter>03. audio</Filter>
    </ClInclude>
    <ClInclude Include="per_logger.h">
      <Filter>05. log</Filter>
    </ClInclude>
    <ClInclude Include="null_audio.h">
      <Filter>03. audio</Filter>
    </ClInclude>
    <ClInclude Include="null_logger.h">
      <Filter>05. log</Filter>
    </ClInclude>
    <ClInclude Include="event_dispatcher.h">
      <Filter>04. event</Filter>
    </ClInclude>
    <ClInclude Include="event_reciver.h">
      <Filter>04. event</Filter>
    </ClInclude>
    <ClInclude Include="per_event.h">
      <Filter>04. event</Filter>
    </ClInclude>
    <ClInclude Include="cs_provider.h">
      <Filter>Header Files</Filter>
    </ClInclude>
    <ClInclude Include="console_logger.h">
      <Filter>05. log\console</Filter>
    </ClInclude>
    <ClInclude Include="game_mode.h">
      <Filter>00. game\game_mode</Filter>
    </ClInclude>
    <ClInclude Include="game_state.h">
      <Filter>00. game\game_state</Filter>
    </ClInclude>
    <ClInclude Include="object_state.h">
      <Filter>00. game\object\object_state</Filter>
    </ClInclude>
    <ClInclude Include="per_log.h">
      <Filter>05. log</Filter>
    </ClInclude>
    <ClInclude Include="per_stat.h">
      <Filter>Header Files</Filter>
    </ClInclude>
    <ClInclude Include="per_hud.h">
      <Filter>00. game\user_interface\hud</Filter>
    </ClInclude>
    <ClInclude Include="ui_element.h">
      <Filter>00. game\user_interface\ui_element</Filter>
    </ClInclude>
    <ClInclude Include="progress_bar.h">
      <Filter>00. game\user_interface\ui_element\progress_bar</Filter>
    </ClInclude>
    <ClInclude Include="player_state.h">
      <Filter>00. game\object\object_state\player_state</Filter>
    </ClInclude>
    <ClInclude Include="monster_state.h">
      <Filter>00. game\object\object_state\monster_state</Filter>
    </ClInclude>
    <ClInclude Include="black_board.h">
      <Filter>06. ai\black_board</Filter>
    </ClInclude>
    <ClInclude Include="navigation_data.h">
      <Filter>06. ai\path_finding\navigation_data</Filter>
    </ClInclude>
    <ClInclude Include="a_star_calculator.h">
      <Filter>06. ai\path_finding\a_star</Filter>
    </ClInclude>
    <ClInclude Include="monster_ai_component.h">
      <Filter>00. game\object\component\implements\ai</Filter>
    </ClInclude>
    <ClInclude Include="behavior_tree.h">
      <Filter>06. ai\behavior_tree</Filter>
    </ClInclude>
  </ItemGroup>
  <ItemGroup>
    <ClCompile Include="stdafx.cpp">
      <Filter>Source Files</Filter>
    </ClCompile>
    <ClCompile Include="main.cpp">
      <Filter>Source Files</Filter>
    </ClCompile>
    <ClCompile Include="per_game.cpp">
      <Filter>00. game</Filter>
    </ClCompile>
    <ClCompile Include="per_world.cpp">
      <Filter>00. game\world</Filter>
    </ClCompile>
    <ClCompile Include="per_object.cpp">
      <Filter>00. game\object</Filter>
    </ClCompile>
    <ClCompile Include="fixed_physics_component.cpp">
      <Filter>00. game\object\component\implements\physics</Filter>
    </ClCompile>
    <ClCompile Include="movable_physics_component.cpp">
      <Filter>00. game\object\component\implements\physics</Filter>
    </ClCompile>
    <ClCompile Include="interact_input_component.cpp">
      <Filter>00. game\object\component\implements\input</Filter>
    </ClCompile>
    <ClCompile Include="unintelligent_ai_component.cpp">
      <Filter>00. game\object\component\implements\ai</Filter>
    </ClCompile>
    <ClCompile Include="visible_graphics_component.cpp">
      <Filter>00. game\object\component\implements\graphics</Filter>
    </ClCompile>
    <ClCompile Include="intelligent_ai_component.cpp">
      <Filter>00. game\object\component\implements\ai</Filter>
    </ClCompile>
    <ClCompile Include="no_interact_input_component.cpp">
      <Filter>00. game\object\component\implements\input</Filter>
    </ClCompile>
    <ClCompile Include="hidden_graphics_component.cpp">
      <Filter>00. game\object\component\implements\graphics</Filter>
    </ClCompile>
    <ClCompile Include="object_factory.cpp">
      <Filter>00. game\object\object_factory</Filter>
    </ClCompile>
    <ClCompile Include="object_pool.cpp">
      <Filter>00. game\object\object_pool</Filter>
    </ClCompile>
    <ClCompile Include="player_input_component.cpp">
      <Filter>00. game\object\component\implements\input</Filter>
    </ClCompile>
    <ClCompile Include="per_controller.cpp">
      <Filter>01. controller</Filter>
    </ClCompile>
    <ClCompile Include="per_renderer.cpp">
      <Filter>02. renderer</Filter>
    </ClCompile>
    <ClCompile Include="event_dispatcher.cpp">
      <Filter>04. event</Filter>
    </ClCompile>
    <ClCompile Include="console_logger.cpp">
      <Filter>05. log\console</Filter>
    </ClCompile>
    <ClCompile Include="game_mode.cpp">
      <Filter>00. game\game_mode</Filter>
    </ClCompile>
    <ClCompile Include="game_state.cpp">
      <Filter>00. game\game_state</Filter>
    </ClCompile>
    <ClCompile Include="object_state.cpp">
      <Filter>00. game\object\object_state</Filter>
    </ClCompile>
    <ClCompile Include="per_log.cpp">
      <Filter>05. log</Filter>
    </ClCompile>
    <ClCompile Include="per_hud.cpp">
      <Filter>00. game\user_interface\hud</Filter>
    </ClCompile>
    <ClCompile Include="ui_element.cpp">
      <Filter>00. game\user_interface\ui_element</Filter>
    </ClCompile>
    <ClCompile Include="progress_bar.cpp">
      <Filter>00. game\user_interface\ui_element\progress_bar</Filter>
    </ClCompile>
    <ClCompile Include="player_state.cpp">
      <Filter>00. game\object\object_state\player_state</Filter>
    </ClCompile>
    <ClCompile Include="monster_state.cpp">
      <Filter>00. game\object\object_state\monster_state</Filter>
    </ClCompile>
    <ClCompile Include="black_board.cpp">
      <Filter>06. ai\black_board</Filter>
    </ClCompile>
    <ClCompile Include="navigation_data.cpp">
      <Filter>06. ai\path_finding\navigation_data</Filter>
    </ClCompile>
    <ClCompile Include="a_star_calculator.cpp">
      <Filter>06. ai\path_finding\a_star</Filter>
    </ClCompile>
    <ClCompile Include="monster_ai_component.cpp">
      <Filter>00. game\object\component\implements\ai</Filter>
    </ClCompile>
    <ClCompile Include="behavior_tree.cpp">
      <Filter>06. ai\behavior_tree</Filter>
    </ClCompile>
    <ClCompile Include="per_vector.cpp">
      <Filter>Source Files</Filter>
    </ClCompile>
  </ItemGroup>
</Project>