<?xml version="1.0" encoding="utf-8"?>
<Project ToolsVersion="4.0" xmlns="http://schemas.microsoft.com/developer/msbuild/2003">
  <ItemGroup>
    <Filter Include="Source Files">
      <UniqueIdentifier>{4FC737F1-C7A5-4376-A066-2A32D752A2FF}</UniqueIdentifier>
      <Extensions>cpp;c;cc;cxx;c++;cppm;ixx;def;odl;idl;hpj;bat;asm;asmx</Extensions>
    </Filter>
    <Filter Include="Header Files">
      <UniqueIdentifier>{93995380-89BD-4b04-88EB-625FBE52EBFB}</UniqueIdentifier>
      <Extensions>h;hh;hpp;hxx;h++;hm;inl;inc;ipp;xsd</Extensions>
    </Filter>
    <Filter Include="Resource Files">
      <UniqueIdentifier>{67DA6AB6-F800-4c08-8B7A-83BB121AAD01}</UniqueIdentifier>
      <Extensions>rc;ico;cur;bmp;dlg;rc2;rct;bin;rgs;gif;jpg;jpeg;jpe;resx;tiff;tif;png;wav;mfcribbon-ms</Extensions>
    </Filter>
    <Filter Include="renderer">
      <UniqueIdentifier>{2c378c86-6f55-4975-b5ae-4a295ad4a9b3}</UniqueIdentifier>
    </Filter>
    <Filter Include="controller">
      <UniqueIdentifier>{94e827df-0d6d-4a22-9c5d-8e342519d450}</UniqueIdentifier>
    </Filter>
    <Filter Include="game">
      <UniqueIdentifier>{e824c3b9-fd8d-4e20-a707-10849327d196}</UniqueIdentifier>
    </Filter>
    <Filter Include="game\world">
      <UniqueIdentifier>{2a67d63c-48ec-4782-bb87-4925a882a7b6}</UniqueIdentifier>
    </Filter>
    <Filter Include="game\component">
      <UniqueIdentifier>{6293b421-f6b5-4e23-ad1a-f2c7114c281f}</UniqueIdentifier>
    </Filter>
    <Filter Include="game\object">
      <UniqueIdentifier>{28da0029-c24d-4015-adac-f3f1adbd4ca6}</UniqueIdentifier>
    </Filter>
  </ItemGroup>
  <ItemGroup>
    <ClCompile Include="main.cpp">
      <Filter>Source Files</Filter>
    </ClCompile>
    <ClCompile Include="stdafx.cpp">
      <Filter>Source Files</Filter>
    </ClCompile>
    <ClCompile Include="graphics_component.cpp">
      <Filter>game\component</Filter>
    </ClCompile>
    <ClCompile Include="input_component.cpp">
      <Filter>game\component</Filter>
    </ClCompile>
    <ClCompile Include="physics_component.cpp">
      <Filter>game\component</Filter>
    </ClCompile>
    <ClCompile Include="comp_game.cpp">
      <Filter>game</Filter>
    </ClCompile>
    <ClCompile Include="comp_renderer.cpp">
      <Filter>renderer</Filter>
    </ClCompile>
    <ClCompile Include="comp_controller.cpp">
      <Filter>controller</Filter>
    </ClCompile>
    <ClCompile Include="comp_object.cpp">
      <Filter>game\object</Filter>
    </ClCompile>
    <ClCompile Include="comp_world.cpp">
      <Filter>game\world</Filter>
    </ClCompile>
  </ItemGroup>
  <ItemGroup>
    <ClInclude Include="stdafx.h">
      <Filter>Header Files</Filter>
    </ClInclude>
    <ClInclude Include="graphics_component.h">
      <Filter>game\component</Filter>
    </ClInclude>
    <ClInclude Include="input_component.h">
      <Filter>game\component</Filter>
    </ClInclude>
    <ClInclude Include="physics_component.h">
      <Filter>game\component</Filter>
    </ClInclude>
    <ClInclude Include="comp_game.h">
      <Filter>game</Filter>
    </ClInclude>
    <ClInclude Include="comp_renderer.h">
      <Filter>renderer</Filter>
    </ClInclude>
    <ClInclude Include="comp_controller.h">
      <Filter>controller</Filter>
    </ClInclude>
    <ClInclude Include="comp_object.h">
      <Filter>game\object</Filter>
    </ClInclude>
    <ClInclude Include="comp_world.h">
      <Filter>game\world</Filter>
    </ClInclude>
  </ItemGroup>
</Project>